
Microsoft Visual Studio Solution File, Format Version 12.00
# Visual Studio Version 17
VisualStudioVersion = 17.2.32516.85
MinimumVisualStudioVersion = 10.0.40219.1
Project("{FAE04EC0-301F-11D3-BF4B-00C04F79EFBC}") = "ChargeIt", "ChargeIt\ChargeIt.csproj", "{53965BB7-52EB-4FB2-AAB3-5A218EA6E34C}"
EndProject
Global
	GlobalSection(SolutionConfigurationPlatforms) = preSolution
		Debug|Any CPU = Debug|Any CPU
		Release|Any CPU = Release|Any CPU
	EndGlobalSection
	GlobalSection(ProjectConfigurationPlatforms) = postSolution
		{53965BB7-52EB-4FB2-AAB3-5A218EA6E34C}.Debug|Any CPU.ActiveCfg = Debug|Any CPU
		{53965BB7-52EB-4FB2-AAB3-5A218EA6E34C}.Debug|Any CPU.Build.0 = Debug|Any CPU
		{53965BB7-52EB-4FB2-AAB3-5A218EA6E34C}.Release|Any CPU.ActiveCfg = Release|Any CPU
		{53965BB7-52EB-4FB2-AAB3-5A218EA6E34C}.Release|Any CPU.Build.0 = Release|Any CPU
	EndGlobalSection
	GlobalSection(SolutionProperties) = preSolution
		HideSolutionNode = FALSE
	EndGlobalSection
	GlobalSection(ExtensibilityGlobals) = postSolution
		SolutionGuid = {71BABD98-C5E8-43B3-BC45-E8C8DBFFD93D}
	EndGlobalSection
EndGlobal
